
Microsoft Visual Studio Solution File, Format Version 12.00
# Visual Studio Version 16
VisualStudioVersion = 16.0.29215.179
MinimumVisualStudioVersion = 10.0.40219.1
Project("{FAE04EC0-301F-11D3-BF4B-00C04F79EFBC}") = "Geo-coding_addresses", "Geo-coding_addresses\Geo-coding_addresses.csproj", "{0F0766A3-27FE-4881-B806-C27AB0BC8298}"
EndProject
Global
	GlobalSection(SolutionConfigurationPlatforms) = preSolution
		Debug|Any CPU = Debug|Any CPU
		Release|Any CPU = Release|Any CPU
	EndGlobalSection
	GlobalSection(ProjectConfigurationPlatforms) = postSolution
		{0F0766A3-27FE-4881-B806-C27AB0BC8298}.Debug|Any CPU.ActiveCfg = Debug|Any CPU
		{0F0766A3-27FE-4881-B806-C27AB0BC8298}.Debug|Any CPU.Build.0 = Debug|Any CPU
		{0F0766A3-27FE-4881-B806-C27AB0BC8298}.Release|Any CPU.ActiveCfg = Release|Any CPU
		{0F0766A3-27FE-4881-B806-C27AB0BC8298}.Release|Any CPU.Build.0 = Release|Any CPU
	EndGlobalSection
	GlobalSection(SolutionProperties) = preSolution
		HideSolutionNode = FALSE
	EndGlobalSection
	GlobalSection(ExtensibilityGlobals) = postSolution
		SolutionGuid = {41EDC4FC-7076-465F-AACC-AAF4D883CBEC}
	EndGlobalSection
EndGlobal
